
Microsoft Visual Studio Solution File, Format Version 12.00
# Visual Studio Version 17
VisualStudioVersion = 17.6.33829.357
MinimumVisualStudioVersion = 10.0.40219.1
Project("{FAE04EC0-301F-11D3-BF4B-00C04F79EFBC}") = "CSharpSyntax", "CSharpSyntax\CSharpSyntax.csproj", "{0B842344-A30A-4B50-9584-31BBD1094AD7}"
EndProject
Global
	GlobalSection(SolutionConfigurationPlatforms) = preSolution
		Debug|Any CPU = Debug|Any CPU
		Release|Any CPU = Release|Any CPU
	EndGlobalSection
	GlobalSection(ProjectConfigurationPlatforms) = postSolution
		{0B842344-A30A-4B50-9584-31BBD1094AD7}.Debug|Any CPU.ActiveCfg = Debug|Any CPU
		{0B842344-A30A-4B50-9584-31BBD1094AD7}.Debug|Any CPU.Build.0 = Debug|Any CPU
		{0B842344-A30A-4B50-9584-31BBD1094AD7}.Release|Any CPU.ActiveCfg = Release|Any CPU
		{0B842344-A30A-4B50-9584-31BBD1094AD7}.Release|Any CPU.Build.0 = Release|Any CPU
	EndGlobalSection
	GlobalSection(SolutionProperties) = preSolution
		HideSolutionNode = FALSE
	EndGlobalSection
	GlobalSection(ExtensibilityGlobals) = postSolution
		SolutionGuid = {B543EB40-AC30-4E7E-8423-B56271315E96}
	EndGlobalSection
EndGlobal
